{
    "_readme": [
        "This file locks the dependencies of your project to a known state",
        "Read more about it at https://getcomposer.org/doc/01-basic-usage.md#composer-lock-the-lock-file",
        "This file is @generated automatically"
    ],
    "hash": "76fcabe370927eb496fc57edf0fb793a",
    "content-hash": "2c70ded3b26424966520d65624e0f16f",
    "packages": [
        {
            "name": "primal/color",
            "version": "1.0.0",
            "source": {
                "type": "git",
                "url": "https://github.com/PrimalPHP/Color.git",
                "reference": "877e2f7bbf1d27214e8c71ca4b70fdbe19ce4552"
            },
            "dist": {
                "type": "zip",
                "url": "https://api.github.com/repos/PrimalPHP/Color/zipball/877e2f7bbf1d27214e8c71ca4b70fdbe19ce4552",
                "reference": "877e2f7bbf1d27214e8c71ca4b70fdbe19ce4552",
                "shasum": ""
            },
            "require": {
                "php": ">=5.3.3"
            },
            "require-dev": {
                "phpunit/phpunit": "~4.0"
            },
            "type": "library",
            "extra": {
                "branch-alias": {
                    "dev-master": "1.0.x-dev"
                }
            },
            "autoload": {
                "psr-0": {
                    "Primal\\Color": "lib/"
                }
            },
            "notification-url": "https://packagist.org/downloads/",
            "license": [
                "MIT"
            ],
            "authors": [
                {
                    "name": "Jarvis Badgley",
                    "email": "primal@chipersoft.com",
                    "homepage": "http://chipersoft.com"
                }
            ],
            "description": "Collection of classes for converting and manipulating colors",
            "homepage": "http://github.com/PrimalPHP/Color",
            "keywords": [
                "color"
            ],
            "time": "2015-12-02 00:07:11"
        }
    ],
    "packages-dev": [],
    "aliases": [],
    "minimum-stability": "stable",
    "stability-flags": [],
    "prefer-stable": false,
    "prefer-lowest": false,
    "platform": [],
    "platform-dev": []
}
